
Microsoft Visual Studio Solution File, Format Version 12.00
# Visual Studio Version 16
VisualStudioVersion = 16.0.30804.86
MinimumVisualStudioVersion = 10.0.40219.1
Project("{FAE04EC0-301F-11D3-BF4B-00C04F79EFBC}") = "sem2.7.1.4(DelegateEquations)", "sem2.7.1.4(DelegateEquations)\sem2.7.1.4(DelegateEquations).csproj", "{CCF8DFC9-D68A-41A7-B3E3-DBEE390354A0}"
EndProject
Global
	GlobalSection(SolutionConfigurationPlatforms) = preSolution
		Debug|Any CPU = Debug|Any CPU
		Release|Any CPU = Release|Any CPU
	EndGlobalSection
	GlobalSection(ProjectConfigurationPlatforms) = postSolution
		{CCF8DFC9-D68A-41A7-B3E3-DBEE390354A0}.Debug|Any CPU.ActiveCfg = Debug|Any CPU
		{CCF8DFC9-D68A-41A7-B3E3-DBEE390354A0}.Debug|Any CPU.Build.0 = Debug|Any CPU
		{CCF8DFC9-D68A-41A7-B3E3-DBEE390354A0}.Release|Any CPU.ActiveCfg = Release|Any CPU
		{CCF8DFC9-D68A-41A7-B3E3-DBEE390354A0}.Release|Any CPU.Build.0 = Release|Any CPU
	EndGlobalSection
	GlobalSection(SolutionProperties) = preSolution
		HideSolutionNode = FALSE
	EndGlobalSection
	GlobalSection(ExtensibilityGlobals) = postSolution
		SolutionGuid = {8788FA30-0019-438F-A855-1DA389D74EF8}
	EndGlobalSection
EndGlobal
